
Microsoft Visual Studio Solution File, Format Version 12.00
# Visual Studio Version 17
VisualStudioVersion = 17.0.31903.59
MinimumVisualStudioVersion = 10.0.40219.1
Project("{FAE04EC0-301F-11D3-BF4B-00C04F79EFBC}") = "WavesMod", "plugin\WavesMod.csproj", "{73AD55F9-0C07-4C94-B326-90D140224623}"
EndProject
Global
	GlobalSection(SolutionConfigurationPlatforms) = preSolution
		Debug|Any CPU = Debug|Any CPU
		Release|Any CPU = Release|Any CPU
	EndGlobalSection
	GlobalSection(SolutionProperties) = preSolution
		HideSolutionNode = FALSE
	EndGlobalSection
	GlobalSection(ProjectConfigurationPlatforms) = postSolution
		{73AD55F9-0C07-4C94-B326-90D140224623}.Debug|Any CPU.ActiveCfg = Debug|Any CPU
		{73AD55F9-0C07-4C94-B326-90D140224623}.Debug|Any CPU.Build.0 = Debug|Any CPU
		{73AD55F9-0C07-4C94-B326-90D140224623}.Release|Any CPU.ActiveCfg = Release|Any CPU
		{73AD55F9-0C07-4C94-B326-90D140224623}.Release|Any CPU.Build.0 = Release|Any CPU
	EndGlobalSection
EndGlobal
